// !$*UTF8*$!
{
	archiveVersion = 1;
	classes = {
	};
	objectVersion = 46;
	objects = {

/* Begin PBXBuildFile section */
		C0FDF9E914F569710036CD45 /* UIKit.framework in Frameworks */ = {isa = PBXBuildFile; fileRef = C0FDF9E814F569710036CD45 /* UIKit.framework */; };
		C0FDF9EB14F569710036CD45 /* Foundation.framework in Frameworks */ = {isa = PBXBuildFile; fileRef = C0FDF9EA14F569710036CD45 /* Foundation.framework */; };
		C0FDF9ED14F569710036CD45 /* CoreGraphics.framework in Frameworks */ = {isa = PBXBuildFile; fileRef = C0FDF9EC14F569710036CD45 /* CoreGraphics.framework */; };
		C0FDF9F314F569710036CD45 /* InfoPlist.strings in Resources */ = {isa = PBXBuildFile; fileRef = C0FDF9F114F569710036CD45 /* InfoPlist.strings */; };
		C0FDF9F514F569710036CD45 /* main.m in Sources */ = {isa = PBXBuildFile; fileRef = C0FDF9F414F569710036CD45 /* main.m */; };
		C0FDF9F914F569710036CD45 /* OFAppDelegate.m in Sources */ = {isa = PBXBuildFile; fileRef = C0FDF9F814F569710036CD45 /* OFAppDelegate.m */; };
		C0FDF9FC14F569710036CD45 /* MainStoryboard.storyboard in Resources */ = {isa = PBXBuildFile; fileRef = C0FDF9FA14F569710036CD45 /* MainStoryboard.storyboard */; };
		C0FDF9FF14F569710036CD45 /* OFViewController.m in Sources */ = {isa = PBXBuildFile; fileRef = C0FDF9FE14F569710036CD45 /* OFViewController.m */; };
		C0FDFA0814F56C040036CD45 /* OFCanned.m in Sources */ = {isa = PBXBuildFile; fileRef = C0FDFA0714F56C040036CD45 /* OFCanned.m */; };
/* End PBXBuildFile section */

/* Begin PBXFileReference section */
		C0FDF9E414F569710036CD45 /* Canned.app */ = {isa = PBXFileReference; explicitFileType = wrapper.application; includeInIndex = 0; path = Canned.app; sourceTree = BUILT_PRODUCTS_DIR; };
		C0FDF9E814F569710036CD45 /* UIKit.framework */ = {isa = PBXFileReference; lastKnownFileType = wrapper.framework; name = UIKit.framework; path = System/Library/Frameworks/UIKit.framework; sourceTree = SDKROOT; };
		C0FDF9EA14F569710036CD45 /* Foundation.framework */ = {isa = PBXFileReference; lastKnownFileType = wrapper.framework; name = Foundation.framework; path = System/Library/Frameworks/Foundation.framework; sourceTree = SDKROOT; };
		C0FDF9EC14F569710036CD45 /* CoreGraphics.framework */ = {isa = PBXFileReference; lastKnownFileType = wrapper.framework; name = CoreGraphics.framework; path = System/Library/Frameworks/CoreGraphics.framework; sourceTree = SDKROOT; };
		C0FDF9F014F569710036CD45 /* Canned-Info.plist */ = {isa = PBXFileReference; lastKnownFileType = text.plist.xml; path = "Canned-Info.plist"; sourceTree = "<group>"; };
		C0FDF9F214F569710036CD45 /* en */ = {isa = PBXFileReference; lastKnownFileType = text.plist.strings; name = en; path = en.lproj/InfoPlist.strings; sourceTree = "<group>"; };
		C0FDF9F414F569710036CD45 /* main.m */ = {isa = PBXFileReference; lastKnownFileType = sourcecode.c.objc; path = main.m; sourceTree = "<group>"; };
		C0FDF9F614F569710036CD45 /* Canned-Prefix.pch */ = {isa = PBXFileReference; lastKnownFileType = sourcecode.c.h; path = "Canned-Prefix.pch"; sourceTree = "<group>"; };
		C0FDF9F714F569710036CD45 /* OFAppDelegate.h */ = {isa = PBXFileReference; lastKnownFileType = sourcecode.c.h; path = OFAppDelegate.h; sourceTree = "<group>"; };
		C0FDF9F814F569710036CD45 /* OFAppDelegate.m */ = {isa = PBXFileReference; lastKnownFileType = sourcecode.c.objc; path = OFAppDelegate.m; sourceTree = "<group>"; };
		C0FDF9FB14F569710036CD45 /* en */ = {isa = PBXFileReference; lastKnownFileType = file.storyboard; name = en; path = en.lproj/MainStoryboard.storyboard; sourceTree = "<group>"; };
		C0FDF9FD14F569710036CD45 /* OFViewController.h */ = {isa = PBXFileReference; lastKnownFileType = sourcecode.c.h; path = OFViewController.h; sourceTree = "<group>"; };
		C0FDF9FE14F569710036CD45 /* OFViewController.m */ = {isa = PBXFileReference; lastKnownFileType = sourcecode.c.objc; path = OFViewController.m; sourceTree = "<group>"; };
		C0FDFA0614F56C040036CD45 /* OFCanned.h */ = {isa = PBXFileReference; fileEncoding = 4; lastKnownFileType = sourcecode.c.h; name = OFCanned.h; path = Canned/OFCanned.h; sourceTree = "<group>"; };
		C0FDFA0714F56C040036CD45 /* OFCanned.m */ = {isa = PBXFileReference; fileEncoding = 4; lastKnownFileType = sourcecode.c.objc; name = OFCanned.m; path = Canned/OFCanned.m; sourceTree = "<group>"; };
/* End PBXFileReference section */

/* Begin PBXFrameworksBuildPhase section */
		C0FDF9E114F569710036CD45 /* Frameworks */ = {
			isa = PBXFrameworksBuildPhase;
			buildActionMask = 2147483647;
			files = (
				C0FDF9E914F569710036CD45 /* UIKit.framework in Frameworks */,
				C0FDF9EB14F569710036CD45 /* Foundation.framework in Frameworks */,
				C0FDF9ED14F569710036CD45 /* CoreGraphics.framework in Frameworks */,
			);
			runOnlyForDeploymentPostprocessing = 0;
		};
/* End PBXFrameworksBuildPhase section */

/* Begin PBXGroup section */
		C0FDF9D914F569710036CD45 = {
			isa = PBXGroup;
			children = (
				C0FDFA0514F56AD40036CD45 /* Canned */,
				C0FDF9EE14F569710036CD45 /* CannedExample */,
				C0FDF9E714F569710036CD45 /* Frameworks */,
				C0FDF9E514F569710036CD45 /* Products */,
			);
			sourceTree = "<group>";
		};
		C0FDF9E514F569710036CD45 /* Products */ = {
			isa = PBXGroup;
			children = (
				C0FDF9E414F569710036CD45 /* Canned.app */,
			);
			name = Products;
			sourceTree = "<group>";
		};
		C0FDF9E714F569710036CD45 /* Frameworks */ = {
			isa = PBXGroup;
			children = (
				C0FDF9E814F569710036CD45 /* UIKit.framework */,
				C0FDF9EA14F569710036CD45 /* Foundation.framework */,
				C0FDF9EC14F569710036CD45 /* CoreGraphics.framework */,
			);
			name = Frameworks;
			sourceTree = "<group>";
		};
		C0FDF9EE14F569710036CD45 /* CannedExample */ = {
			isa = PBXGroup;
			children = (
				C0FDF9F714F569710036CD45 /* OFAppDelegate.h */,
				C0FDF9F814F569710036CD45 /* OFAppDelegate.m */,
				C0FDF9FA14F569710036CD45 /* MainStoryboard.storyboard */,
				C0FDF9FD14F569710036CD45 /* OFViewController.h */,
				C0FDF9FE14F569710036CD45 /* OFViewController.m */,
				C0FDF9EF14F569710036CD45 /* Supporting Files */,
			);
			path = CannedExample;
			sourceTree = "<group>";
		};
		C0FDF9EF14F569710036CD45 /* Supporting Files */ = {
			isa = PBXGroup;
			children = (
				C0FDF9F014F569710036CD45 /* Canned-Info.plist */,
				C0FDF9F114F569710036CD45 /* InfoPlist.strings */,
				C0FDF9F414F569710036CD45 /* main.m */,
				C0FDF9F614F569710036CD45 /* Canned-Prefix.pch */,
			);
			name = "Supporting Files";
			sourceTree = "<group>";
		};
		C0FDFA0514F56AD40036CD45 /* Canned */ = {
			isa = PBXGroup;
			children = (
				C0FDFA0614F56C040036CD45 /* OFCanned.h */,
				C0FDFA0714F56C040036CD45 /* OFCanned.m */,
			);
			name = Canned;
			sourceTree = "<group>";
		};
/* End PBXGroup section */

/* Begin PBXNativeTarget section */
		C0FDF9E314F569710036CD45 /* Canned */ = {
			isa = PBXNativeTarget;
			buildConfigurationList = C0FDFA0214F569710036CD45 /* Build configuration list for PBXNativeTarget "Canned" */;
			buildPhases = (
				C0FDF9E014F569710036CD45 /* Sources */,
				C0FDF9E114F569710036CD45 /* Frameworks */,
				C0FDF9E214F569710036CD45 /* Resources */,
			);
			buildRules = (
			);
			dependencies = (
			);
			name = Canned;
			productName = Canned;
			productReference = C0FDF9E414F569710036CD45 /* Canned.app */;
			productType = "com.apple.product-type.application";
		};
/* End PBXNativeTarget section */

/* Begin PBXProject section */
		C0FDF9DB14F569710036CD45 /* Project object */ = {
			isa = PBXProject;
			attributes = {
				CLASSPREFIX = OF;
				LastUpgradeCheck = 0440;
				ORGANIZATIONNAME = "Owl Forestry";
			};
			buildConfigurationList = C0FDF9DE14F569710036CD45 /* Build configuration list for PBXProject "Canned" */;
			compatibilityVersion = "Xcode 3.2";
			developmentRegion = English;
			hasScannedForEncodings = 0;
			knownRegions = (
				en,
			);
			mainGroup = C0FDF9D914F569710036CD45;
			productRefGroup = C0FDF9E514F569710036CD45 /* Products */;
			projectDirPath = "";
			projectRoot = "";
			targets = (
				C0FDF9E314F569710036CD45 /* Canned */,
			);
		};
/* End PBXProject section */

/* Begin PBXResourcesBuildPhase section */
		C0FDF9E214F569710036CD45 /* Resources */ = {
			isa = PBXResourcesBuildPhase;
			buildActionMask = 2147483647;
			files = (
				C0FDF9F314F569710036CD45 /* InfoPlist.strings in Resources */,
				C0FDF9FC14F569710036CD45 /* MainStoryboard.storyboard in Resources */,
			);
			runOnlyForDeploymentPostprocessing = 0;
		};
/* End PBXResourcesBuildPhase section */

/* Begin PBXSourcesBuildPhase section */
		C0FDF9E014F569710036CD45 /* Sources */ = {
			isa = PBXSourcesBuildPhase;
			buildActionMask = 2147483647;
			files = (
				C0FDF9F514F569710036CD45 /* main.m in Sources */,
				C0FDF9F914F569710036CD45 /* OFAppDelegate.m in Sources */,
				C0FDF9FF14F569710036CD45 /* OFViewController.m in Sources */,
				C0FDFA0814F56C040036CD45 /* OFCanned.m in Sources */,
			);
			runOnlyForDeploymentPostprocessing = 0;
		};
/* End PBXSourcesBuildPhase section */

/* Begin PBXVariantGroup section */
		C0FDF9F114F569710036CD45 /* InfoPlist.strings */ = {
			isa = PBXVariantGroup;
			children = (
				C0FDF9F214F569710036CD45 /* en */,
			);
			name = InfoPlist.strings;
			sourceTree = "<group>";
		};
		C0FDF9FA14F569710036CD45 /* MainStoryboard.storyboard */ = {
			isa = PBXVariantGroup;
			children = (
				C0FDF9FB14F569710036CD45 /* en */,
			);
			name = MainStoryboard.storyboard;
			sourceTree = "<group>";
		};
/* End PBXVariantGroup section */

/* Begin XCBuildConfiguration section */
		C0FDFA0014F569710036CD45 /* Debug */ = {
			isa = XCBuildConfiguration;
			buildSettings = {
				ALWAYS_SEARCH_USER_PATHS = NO;
				ARCHS = "$(ARCHS_STANDARD_32_BIT)";
				CLANG_ENABLE_OBJC_ARC = YES;
				"CODE_SIGN_IDENTITY[sdk=iphoneos*]" = "iPhone Developer";
				COPY_PHASE_STRIP = NO;
				GCC_C_LANGUAGE_STANDARD = gnu99;
				GCC_DYNAMIC_NO_PIC = NO;
				GCC_OPTIMIZATION_LEVEL = 0;
				GCC_PREPROCESSOR_DEFINITIONS = (
					"DEBUG=1",
					"$(inherited)",
				);
				GCC_SYMBOLS_PRIVATE_EXTERN = NO;
				GCC_VERSION = com.apple.compilers.llvm.clang.1_0;
				GCC_WARN_ABOUT_RETURN_TYPE = YES;
				GCC_WARN_UNINITIALIZED_AUTOS = YES;
				GCC_WARN_UNUSED_VARIABLE = YES;
				IPHONEOS_DEPLOYMENT_TARGET = 5.0;
				SDKROOT = iphoneos;
			};
			name = Debug;
		};
		C0FDFA0114F569710036CD45 /* Release */ = {
			isa = XCBuildConfiguration;
			buildSettings = {
				ALWAYS_SEARCH_USER_PATHS = NO;
				ARCHS = "$(ARCHS_STANDARD_32_BIT)";
				CLANG_ENABLE_OBJC_ARC = YES;
				"CODE_SIGN_IDENTITY[sdk=iphoneos*]" = "iPhone Developer";
				COPY_PHASE_STRIP = YES;
				GCC_C_LANGUAGE_STANDARD = gnu99;
				GCC_VERSION = com.apple.compilers.llvm.clang.1_0;
				GCC_WARN_ABOUT_RETURN_TYPE = YES;
				GCC_WARN_UNINITIALIZED_AUTOS = YES;
				GCC_WARN_UNUSED_VARIABLE = YES;
				IPHONEOS_DEPLOYMENT_TARGET = 5.0;
				OTHER_CFLAGS = "-DNS_BLOCK_ASSERTIONS=1";
				SDKROOT = iphoneos;
				VALIDATE_PRODUCT = YES;
			};
			name = Release;
		};
		C0FDFA0314F569710036CD45 /* Debug */ = {
			isa = XCBuildConfiguration;
			buildSettings = {
				GCC_PRECOMPILE_PREFIX_HEADER = YES;
				GCC_PREFIX_HEADER = "CannedExample/Canned-Prefix.pch";
				INFOPLIST_FILE = "CannedExample/Canned-Info.plist";
				PRODUCT_NAME = "$(TARGET_NAME)";
				WRAPPER_EXTENSION = app;
			};
			name = Debug;
		};
		C0FDFA0414F569710036CD45 /* Release */ = {
			isa = XCBuildConfiguration;
			buildSettings = {
				GCC_PRECOMPILE_PREFIX_HEADER = YES;
				GCC_PREFIX_HEADER = "CannedExample/Canned-Prefix.pch";
				INFOPLIST_FILE = "CannedExample/Canned-Info.plist";
				PRODUCT_NAME = "$(TARGET_NAME)";
				WRAPPER_EXTENSION = app;
			};
			name = Release;
		};
/* End XCBuildConfiguration section */

/* Begin XCConfigurationList section */
		C0FDF9DE14F569710036CD45 /* Build configuration list for PBXProject "Canned" */ = {
			isa = XCConfigurationList;
			buildConfigurations = (
				C0FDFA0014F569710036CD45 /* Debug */,
				C0FDFA0114F569710036CD45 /* Release */,
			);
			defaultConfigurationIsVisible = 0;
			defaultConfigurationName = Release;
		};
		C0FDFA0214F569710036CD45 /* Build configuration list for PBXNativeTarget "Canned" */ = {
			isa = XCConfigurationList;
			buildConfigurations = (
				C0FDFA0314F569710036CD45 /* Debug */,
				C0FDFA0414F569710036CD45 /* Release */,
			);
			defaultConfigurationIsVisible = 0;
		};
/* End XCConfigurationList section */
	};
	rootObject = C0FDF9DB14F569710036CD45 /* Project object */;
}
